
Microsoft Visual Studio Solution File, Format Version 11.00
# Visual Studio 2010
Project("{8BC9CEB8-8B4A-11D0-8D11-00A0C91BC942}") = "DeveloperDLL", "DeveloperDLL\DeveloperDLL.vcxproj", "{973F3C49-17E5-445F-84FF-5FC1550686FB}"
EndProject
Global
	GlobalSection(SolutionConfigurationPlatforms) = preSolution
		Debug|Win32 = Debug|Win32
		Release|Win32 = Release|Win32
	EndGlobalSection
	GlobalSection(ProjectConfigurationPlatforms) = postSolution
		{973F3C49-17E5-445F-84FF-5FC1550686FB}.Debug|Win32.ActiveCfg = Debug|Win32
		{973F3C49-17E5-445F-84FF-5FC1550686FB}.Debug|Win32.Build.0 = Debug|Win32
		{973F3C49-17E5-445F-84FF-5FC1550686FB}.Release|Win32.ActiveCfg = Release|Win32
		{973F3C49-17E5-445F-84FF-5FC1550686FB}.Release|Win32.Build.0 = Release|Win32
	EndGlobalSection
	GlobalSection(SolutionProperties) = preSolution
		HideSolutionNode = FALSE
	EndGlobalSection
EndGlobal
